
Microsoft Visual Studio Solution File, Format Version 12.00
# Visual Studio Version 16
VisualStudioVersion = 16.0.30413.136
MinimumVisualStudioVersion = 10.0.40219.1
Project("{FAE04EC0-301F-11D3-BF4B-00C04F79EFBC}") = "BanDoNoiThat", "BanDoNoiThat\BanDoNoiThat.csproj", "{8AE42683-350F-44B6-A458-459EA1C44677}"
EndProject
Global
	GlobalSection(SolutionConfigurationPlatforms) = preSolution
		Debug|Any CPU = Debug|Any CPU
		Release|Any CPU = Release|Any CPU
	EndGlobalSection
	GlobalSection(ProjectConfigurationPlatforms) = postSolution
		{8AE42683-350F-44B6-A458-459EA1C44677}.Debug|Any CPU.ActiveCfg = Debug|Any CPU
		{8AE42683-350F-44B6-A458-459EA1C44677}.Debug|Any CPU.Build.0 = Debug|Any CPU
		{8AE42683-350F-44B6-A458-459EA1C44677}.Release|Any CPU.ActiveCfg = Release|Any CPU
		{8AE42683-350F-44B6-A458-459EA1C44677}.Release|Any CPU.Build.0 = Release|Any CPU
	EndGlobalSection
	GlobalSection(SolutionProperties) = preSolution
		HideSolutionNode = FALSE
	EndGlobalSection
	GlobalSection(ExtensibilityGlobals) = postSolution
		SolutionGuid = {5EDEA4E2-17D5-415C-8E21-003B693A15B1}
	EndGlobalSection
EndGlobal
